// !$*UTF8*$!
{
	archiveVersion = 1;
	classes = {
	};
	objectVersion = 56;
	objects = {

/* Begin PBXBuildFile section */
		F55B80E32B5F9BDA00173A35 /* Designs4uApp.swift in Sources */ = {isa = PBXBuildFile; fileRef = F55B80E22B5F9BDA00173A35 /* Designs4uApp.swift */; };
		F55B80E52B5F9BDA00173A35 /* ContentView.swift in Sources */ = {isa = PBXBuildFile; fileRef = F55B80E42B5F9BDA00173A35 /* ContentView.swift */; };
		F55B80E72B5F9BDC00173A35 /* Assets.xcassets in Resources */ = {isa = PBXBuildFile; fileRef = F55B80E62B5F9BDC00173A35 /* Assets.xcassets */; };
		F55B80EA2B5F9BDC00173A35 /* Preview Assets.xcassets in Resources */ = {isa = PBXBuildFile; fileRef = F55B80E92B5F9BDC00173A35 /* Preview Assets.xcassets */; };
		F55B80F12B5F9C2900173A35 /* Person.swift in Sources */ = {isa = PBXBuildFile; fileRef = F55B80F02B5F9C2900173A35 /* Person.swift */; };
		F55B80F32B5FA32400173A35 /* DataModel.swift in Sources */ = {isa = PBXBuildFile; fileRef = F55B80F22B5FA32400173A35 /* DataModel.swift */; };
		F55B80F52B5FA98100173A35 /* DesignerRow.swift in Sources */ = {isa = PBXBuildFile; fileRef = F55B80F42B5FA98100173A35 /* DesignerRow.swift */; };
		F55B80F72B60EF8F00173A35 /* DesignerDetails.swift in Sources */ = {isa = PBXBuildFile; fileRef = F55B80F62B60EF8F00173A35 /* DesignerDetails.swift */; };
/* End PBXBuildFile section */

/* Begin PBXFileReference section */
		F55B80DF2B5F9BDA00173A35 /* Designs4u.app */ = {isa = PBXFileReference; explicitFileType = wrapper.application; includeInIndex = 0; path = Designs4u.app; sourceTree = BUILT_PRODUCTS_DIR; };
		F55B80E22B5F9BDA00173A35 /* Designs4uApp.swift */ = {isa = PBXFileReference; lastKnownFileType = sourcecode.swift; path = Designs4uApp.swift; sourceTree = "<group>"; };
		F55B80E42B5F9BDA00173A35 /* ContentView.swift */ = {isa = PBXFileReference; lastKnownFileType = sourcecode.swift; path = ContentView.swift; sourceTree = "<group>"; };
		F55B80E62B5F9BDC00173A35 /* Assets.xcassets */ = {isa = PBXFileReference; lastKnownFileType = folder.assetcatalog; path = Assets.xcassets; sourceTree = "<group>"; };
		F55B80E92B5F9BDC00173A35 /* Preview Assets.xcassets */ = {isa = PBXFileReference; lastKnownFileType = folder.assetcatalog; path = "Preview Assets.xcassets"; sourceTree = "<group>"; };
		F55B80F02B5F9C2900173A35 /* Person.swift */ = {isa = PBXFileReference; lastKnownFileType = sourcecode.swift; path = Person.swift; sourceTree = "<group>"; };
		F55B80F22B5FA32400173A35 /* DataModel.swift */ = {isa = PBXFileReference; lastKnownFileType = sourcecode.swift; path = DataModel.swift; sourceTree = "<group>"; };
		F55B80F42B5FA98100173A35 /* DesignerRow.swift */ = {isa = PBXFileReference; lastKnownFileType = sourcecode.swift; path = DesignerRow.swift; sourceTree = "<group>"; };
		F55B80F62B60EF8F00173A35 /* DesignerDetails.swift */ = {isa = PBXFileReference; lastKnownFileType = sourcecode.swift; path = DesignerDetails.swift; sourceTree = "<group>"; };
/* End PBXFileReference section */

/* Begin PBXFrameworksBuildPhase section */
		F55B80DC2B5F9BDA00173A35 /* Frameworks */ = {
			isa = PBXFrameworksBuildPhase;
			buildActionMask = 2147483647;
			files = (
			);
			runOnlyForDeploymentPostprocessing = 0;
		};
/* End PBXFrameworksBuildPhase section */

/* Begin PBXGroup section */
		F55B80D62B5F9BDA00173A35 = {
			isa = PBXGroup;
			children = (
				F55B80E12B5F9BDA00173A35 /* Designs4u */,
				F55B80E02B5F9BDA00173A35 /* Products */,
			);
			sourceTree = "<group>";
		};
		F55B80E02B5F9BDA00173A35 /* Products */ = {
			isa = PBXGroup;
			children = (
				F55B80DF2B5F9BDA00173A35 /* Designs4u.app */,
			);
			name = Products;
			sourceTree = "<group>";
		};
		F55B80E12B5F9BDA00173A35 /* Designs4u */ = {
			isa = PBXGroup;
			children = (
				F55B80E22B5F9BDA00173A35 /* Designs4uApp.swift */,
				F55B80E42B5F9BDA00173A35 /* ContentView.swift */,
				F55B80F42B5FA98100173A35 /* DesignerRow.swift */,
				F55B80F62B60EF8F00173A35 /* DesignerDetails.swift */,
				F55B80F22B5FA32400173A35 /* DataModel.swift */,
				F55B80F02B5F9C2900173A35 /* Person.swift */,
				F55B80E62B5F9BDC00173A35 /* Assets.xcassets */,
				F55B80E82B5F9BDC00173A35 /* Preview Content */,
			);
			path = Designs4u;
			sourceTree = "<group>";
		};
		F55B80E82B5F9BDC00173A35 /* Preview Content */ = {
			isa = PBXGroup;
			children = (
				F55B80E92B5F9BDC00173A35 /* Preview Assets.xcassets */,
			);
			path = "Preview Content";
			sourceTree = "<group>";
		};
/* End PBXGroup section */

/* Begin PBXNativeTarget section */
		F55B80DE2B5F9BDA00173A35 /* Designs4u */ = {
			isa = PBXNativeTarget;
			buildConfigurationList = F55B80ED2B5F9BDC00173A35 /* Build configuration list for PBXNativeTarget "Designs4u" */;
			buildPhases = (
				F55B80DB2B5F9BDA00173A35 /* Sources */,
				F55B80DC2B5F9BDA00173A35 /* Frameworks */,
				F55B80DD2B5F9BDA00173A35 /* Resources */,
			);
			buildRules = (
			);
			dependencies = (
			);
			name = Designs4u;
			productName = Designs4u;
			productReference = F55B80DF2B5F9BDA00173A35 /* Designs4u.app */;
			productType = "com.apple.product-type.application";
		};
/* End PBXNativeTarget section */

/* Begin PBXProject section */
		F55B80D72B5F9BDA00173A35 /* Project object */ = {
			isa = PBXProject;
			attributes = {
				BuildIndependentTargetsInParallel = 1;
				LastSwiftUpdateCheck = 1500;
				LastUpgradeCheck = 1500;
				TargetAttributes = {
					F55B80DE2B5F9BDA00173A35 = {
						CreatedOnToolsVersion = 15.0;
					};
				};
			};
			buildConfigurationList = F55B80DA2B5F9BDA00173A35 /* Build configuration list for PBXProject "Designs4u" */;
			compatibilityVersion = "Xcode 14.0";
			developmentRegion = en;
			hasScannedForEncodings = 0;
			knownRegions = (
				en,
				Base,
			);
			mainGroup = F55B80D62B5F9BDA00173A35;
			productRefGroup = F55B80E02B5F9BDA00173A35 /* Products */;
			projectDirPath = "";
			projectRoot = "";
			targets = (
				F55B80DE2B5F9BDA00173A35 /* Designs4u */,
			);
		};
/* End PBXProject section */

/* Begin PBXResourcesBuildPhase section */
		F55B80DD2B5F9BDA00173A35 /* Resources */ = {
			isa = PBXResourcesBuildPhase;
			buildActionMask = 2147483647;
			files = (
				F55B80EA2B5F9BDC00173A35 /* Preview Assets.xcassets in Resources */,
				F55B80E72B5F9BDC00173A35 /* Assets.xcassets in Resources */,
			);
			runOnlyForDeploymentPostprocessing = 0;
		};
/* End PBXResourcesBuildPhase section */

/* Begin PBXSourcesBuildPhase section */
		F55B80DB2B5F9BDA00173A35 /* Sources */ = {
			isa = PBXSourcesBuildPhase;
			buildActionMask = 2147483647;
			files = (
				F55B80F12B5F9C2900173A35 /* Person.swift in Sources */,
				F55B80F52B5FA98100173A35 /* DesignerRow.swift in Sources */,
				F55B80F32B5FA32400173A35 /* DataModel.swift in Sources */,
				F55B80F72B60EF8F00173A35 /* DesignerDetails.swift in Sources */,
				F55B80E52B5F9BDA00173A35 /* ContentView.swift in Sources */,
				F55B80E32B5F9BDA00173A35 /* Designs4uApp.swift in Sources */,
			);
			runOnlyForDeploymentPostprocessing = 0;
		};
/* End PBXSourcesBuildPhase section */

/* Begin XCBuildConfiguration section */
		F55B80EB2B5F9BDC00173A35 /* Debug */ = {
			isa = XCBuildConfiguration;
			buildSettings = {
				ALWAYS_SEARCH_USER_PATHS = NO;
				ASSETCATALOG_COMPILER_GENERATE_SWIFT_ASSET_SYMBOL_EXTENSIONS = YES;
				CLANG_ANALYZER_NONNULL = YES;
				CLANG_ANALYZER_NUMBER_OBJECT_CONVERSION = YES_AGGRESSIVE;
				CLANG_CXX_LANGUAGE_STANDARD = "gnu++20";
				CLANG_ENABLE_MODULES = YES;
				CLANG_ENABLE_OBJC_ARC = YES;
				CLANG_ENABLE_OBJC_WEAK = YES;
				CLANG_WARN_BLOCK_CAPTURE_AUTORELEASING = YES;
				CLANG_WARN_BOOL_CONVERSION = YES;
				CLANG_WARN_COMMA = YES;
				CLANG_WARN_CONSTANT_CONVERSION = YES;
				CLANG_WARN_DEPRECATED_OBJC_IMPLEMENTATIONS = YES;
				CLANG_WARN_DIRECT_OBJC_ISA_USAGE = YES_ERROR;
				CLANG_WARN_DOCUMENTATION_COMMENTS = YES;
				CLANG_WARN_EMPTY_BODY = YES;
				CLANG_WARN_ENUM_CONVERSION = YES;
				CLANG_WARN_INFINITE_RECURSION = YES;
				CLANG_WARN_INT_CONVERSION = YES;
				CLANG_WARN_NON_LITERAL_NULL_CONVERSION = YES;
				CLANG_WARN_OBJC_IMPLICIT_RETAIN_SELF = YES;
				CLANG_WARN_OBJC_LITERAL_CONVERSION = YES;
				CLANG_WARN_OBJC_ROOT_CLASS = YES_ERROR;
				CLANG_WARN_QUOTED_INCLUDE_IN_FRAMEWORK_HEADER = YES;
				CLANG_WARN_RANGE_LOOP_ANALYSIS = YES;
				CLANG_WARN_STRICT_PROTOTYPES = YES;
				CLANG_WARN_SUSPICIOUS_MOVE = YES;
				CLANG_WARN_UNGUARDED_AVAILABILITY = YES_AGGRESSIVE;
				CLANG_WARN_UNREACHABLE_CODE = YES;
				CLANG_WARN__DUPLICATE_METHOD_MATCH = YES;
				COPY_PHASE_STRIP = NO;
				DEBUG_INFORMATION_FORMAT = dwarf;
				ENABLE_STRICT_OBJC_MSGSEND = YES;
				ENABLE_TESTABILITY = YES;
				ENABLE_USER_SCRIPT_SANDBOXING = YES;
				GCC_C_LANGUAGE_STANDARD = gnu17;
				GCC_DYNAMIC_NO_PIC = NO;
				GCC_NO_COMMON_BLOCKS = YES;
				GCC_OPTIMIZATION_LEVEL = 0;
				GCC_PREPROCESSOR_DEFINITIONS = (
					"DEBUG=1",
					"$(inherited)",
				);
				GCC_WARN_64_TO_32_BIT_CONVERSION = YES;
				GCC_WARN_ABOUT_RETURN_TYPE = YES_ERROR;
				GCC_WARN_UNDECLARED_SELECTOR = YES;
				GCC_WARN_UNINITIALIZED_AUTOS = YES_AGGRESSIVE;
				GCC_WARN_UNUSED_FUNCTION = YES;
				GCC_WARN_UNUSED_VARIABLE = YES;
				IPHONEOS_DEPLOYMENT_TARGET = 17.0;
				LOCALIZATION_PREFERS_STRING_CATALOGS = YES;
				MTL_ENABLE_DEBUG_INFO = INCLUDE_SOURCE;
				MTL_FAST_MATH = YES;
				ONLY_ACTIVE_ARCH = YES;
				SDKROOT = iphoneos;
				SWIFT_ACTIVE_COMPILATION_CONDITIONS = "DEBUG $(inherited)";
				SWIFT_OPTIMIZATION_LEVEL = "-Onone";
			};
			name = Debug;
		};
		F55B80EC2B5F9BDC00173A35 /* Release */ = {
			isa = XCBuildConfiguration;
			buildSettings = {
				ALWAYS_SEARCH_USER_PATHS = NO;
				ASSETCATALOG_COMPILER_GENERATE_SWIFT_ASSET_SYMBOL_EXTENSIONS = YES;
				CLANG_ANALYZER_NONNULL = YES;
				CLANG_ANALYZER_NUMBER_OBJECT_CONVERSION = YES_AGGRESSIVE;
				CLANG_CXX_LANGUAGE_STANDARD = "gnu++20";
				CLANG_ENABLE_MODULES = YES;
				CLANG_ENABLE_OBJC_ARC = YES;
				CLANG_ENABLE_OBJC_WEAK = YES;
				CLANG_WARN_BLOCK_CAPTURE_AUTORELEASING = YES;
				CLANG_WARN_BOOL_CONVERSION = YES;
				CLANG_WARN_COMMA = YES;
				CLANG_WARN_CONSTANT_CONVERSION = YES;
				CLANG_WARN_DEPRECATED_OBJC_IMPLEMENTATIONS = YES;
				CLANG_WARN_DIRECT_OBJC_ISA_USAGE = YES_ERROR;
				CLANG_WARN_DOCUMENTATION_COMMENTS = YES;
				CLANG_WARN_EMPTY_BODY = YES;
				CLANG_WARN_ENUM_CONVERSION = YES;
				CLANG_WARN_INFINITE_RECURSION = YES;
				CLANG_WARN_INT_CONVERSION = YES;
				CLANG_WARN_NON_LITERAL_NULL_CONVERSION = YES;
				CLANG_WARN_OBJC_IMPLICIT_RETAIN_SELF = YES;
				CLANG_WARN_OBJC_LITERAL_CONVERSION = YES;
				CLANG_WARN_OBJC_ROOT_CLASS = YES_ERROR;
				CLANG_WARN_QUOTED_INCLUDE_IN_FRAMEWORK_HEADER = YES;
				CLANG_WARN_RANGE_LOOP_ANALYSIS = YES;
				CLANG_WARN_STRICT_PROTOTYPES = YES;
				CLANG_WARN_SUSPICIOUS_MOVE = YES;
				CLANG_WARN_UNGUARDED_AVAILABILITY = YES_AGGRESSIVE;
				CLANG_WARN_UNREACHABLE_CODE = YES;
				CLANG_WARN__DUPLICATE_METHOD_MATCH = YES;
				COPY_PHASE_STRIP = NO;
				DEBUG_INFORMATION_FORMAT = "dwarf-with-dsym";
				ENABLE_NS_ASSERTIONS = NO;
				ENABLE_STRICT_OBJC_MSGSEND = YES;
				ENABLE_USER_SCRIPT_SANDBOXING = YES;
				GCC_C_LANGUAGE_STANDARD = gnu17;
				GCC_NO_COMMON_BLOCKS = YES;
				GCC_WARN_64_TO_32_BIT_CONVERSION = YES;
				GCC_WARN_ABOUT_RETURN_TYPE = YES_ERROR;
				GCC_WARN_UNDECLARED_SELECTOR = YES;
				GCC_WARN_UNINITIALIZED_AUTOS = YES_AGGRESSIVE;
				GCC_WARN_UNUSED_FUNCTION = YES;
				GCC_WARN_UNUSED_VARIABLE = YES;
				IPHONEOS_DEPLOYMENT_TARGET = 17.0;
				LOCALIZATION_PREFERS_STRING_CATALOGS = YES;
				MTL_ENABLE_DEBUG_INFO = NO;
				MTL_FAST_MATH = YES;
				SDKROOT = iphoneos;
				SWIFT_COMPILATION_MODE = wholemodule;
				VALIDATE_PRODUCT = YES;
			};
			name = Release;
		};
		F55B80EE2B5F9BDC00173A35 /* Debug */ = {
			isa = XCBuildConfiguration;
			buildSettings = {
				ASSETCATALOG_COMPILER_APPICON_NAME = AppIcon;
				ASSETCATALOG_COMPILER_GLOBAL_ACCENT_COLOR_NAME = AccentColor;
				CODE_SIGN_STYLE = Automatic;
				CURRENT_PROJECT_VERSION = 1;
				DEVELOPMENT_ASSET_PATHS = "\"Designs4u/Preview Content\"";
				DEVELOPMENT_TEAM = 5ZSCAXM98U;
				ENABLE_PREVIEWS = YES;
				GENERATE_INFOPLIST_FILE = YES;
				INFOPLIST_KEY_UIApplicationSceneManifest_Generation = YES;
				INFOPLIST_KEY_UIApplicationSupportsIndirectInputEvents = YES;
				INFOPLIST_KEY_UILaunchScreen_Generation = YES;
				INFOPLIST_KEY_UISupportedInterfaceOrientations_iPad = "UIInterfaceOrientationPortrait UIInterfaceOrientationPortraitUpsideDown UIInterfaceOrientationLandscapeLeft UIInterfaceOrientationLandscapeRight";
				INFOPLIST_KEY_UISupportedInterfaceOrientations_iPhone = "UIInterfaceOrientationPortrait UIInterfaceOrientationLandscapeLeft UIInterfaceOrientationLandscapeRight";
				LD_RUNPATH_SEARCH_PATHS = (
					"$(inherited)",
					"@executable_path/Frameworks",
				);
				MARKETING_VERSION = 1.0;
				PRODUCT_BUNDLE_IDENTIFIER = com.arpit.Designs4u;
				PRODUCT_NAME = "$(TARGET_NAME)";
				SWIFT_EMIT_LOC_STRINGS = YES;
				SWIFT_VERSION = 5.0;
				TARGETED_DEVICE_FAMILY = "1,2";
			};
			name = Debug;
		};
		F55B80EF2B5F9BDC00173A35 /* Release */ = {
			isa = XCBuildConfiguration;
			buildSettings = {
				ASSETCATALOG_COMPILER_APPICON_NAME = AppIcon;
				ASSETCATALOG_COMPILER_GLOBAL_ACCENT_COLOR_NAME = AccentColor;
				CODE_SIGN_STYLE = Automatic;
				CURRENT_PROJECT_VERSION = 1;
				DEVELOPMENT_ASSET_PATHS = "\"Designs4u/Preview Content\"";
				DEVELOPMENT_TEAM = 5ZSCAXM98U;
				ENABLE_PREVIEWS = YES;
				GENERATE_INFOPLIST_FILE = YES;
				INFOPLIST_KEY_UIApplicationSceneManifest_Generation = YES;
				INFOPLIST_KEY_UIApplicationSupportsIndirectInputEvents = YES;
				INFOPLIST_KEY_UILaunchScreen_Generation = YES;
				INFOPLIST_KEY_UISupportedInterfaceOrientations_iPad = "UIInterfaceOrientationPortrait UIInterfaceOrientationPortraitUpsideDown UIInterfaceOrientationLandscapeLeft UIInterfaceOrientationLandscapeRight";
				INFOPLIST_KEY_UISupportedInterfaceOrientations_iPhone = "UIInterfaceOrientationPortrait UIInterfaceOrientationLandscapeLeft UIInterfaceOrientationLandscapeRight";
				LD_RUNPATH_SEARCH_PATHS = (
					"$(inherited)",
					"@executable_path/Frameworks",
				);
				MARKETING_VERSION = 1.0;
				PRODUCT_BUNDLE_IDENTIFIER = com.arpit.Designs4u;
				PRODUCT_NAME = "$(TARGET_NAME)";
				SWIFT_EMIT_LOC_STRINGS = YES;
				SWIFT_VERSION = 5.0;
				TARGETED_DEVICE_FAMILY = "1,2";
			};
			name = Release;
		};
/* End XCBuildConfiguration section */

/* Begin XCConfigurationList section */
		F55B80DA2B5F9BDA00173A35 /* Build configuration list for PBXProject "Designs4u" */ = {
			isa = XCConfigurationList;
			buildConfigurations = (
				F55B80EB2B5F9BDC00173A35 /* Debug */,
				F55B80EC2B5F9BDC00173A35 /* Release */,
			);
			defaultConfigurationIsVisible = 0;
			defaultConfigurationName = Release;
		};
		F55B80ED2B5F9BDC00173A35 /* Build configuration list for PBXNativeTarget "Designs4u" */ = {
			isa = XCConfigurationList;
			buildConfigurations = (
				F55B80EE2B5F9BDC00173A35 /* Debug */,
				F55B80EF2B5F9BDC00173A35 /* Release */,
			);
			defaultConfigurationIsVisible = 0;
			defaultConfigurationName = Release;
		};
/* End XCConfigurationList section */
	};
	rootObject = F55B80D72B5F9BDA00173A35 /* Project object */;
}
